
Microsoft Visual Studio Solution File, Format Version 12.00
# Visual Studio 14
VisualStudioVersion = 14.0.25420.1
MinimumVisualStudioVersion = 10.0.40219.1
Project("{FAE04EC0-301F-11D3-BF4B-00C04F79EFBC}") = "TestTool", "TestTool\TestTool.csproj", "{D54CDB21-6515-42C5-A2BB-1F2E9E1DFE2B}"
EndProject
Project("{FAE04EC0-301F-11D3-BF4B-00C04F79EFBC}") = "ClassLibrary1", "ClassLibrary1\ClassLibrary1.csproj", "{20C41987-B6A2-420F-8D54-962CCB4885C3}"
EndProject
Project("{FAE04EC0-301F-11D3-BF4B-00C04F79EFBC}") = "ConsoleApplication1", "ConsoleApplication1\ConsoleApplication1.csproj", "{3F61F08A-1A00-406D-A511-8B0D928AB908}"
EndProject
Global
	GlobalSection(SolutionConfigurationPlatforms) = preSolution
		Debug|Any CPU = Debug|Any CPU
		Release|Any CPU = Release|Any CPU
	EndGlobalSection
	GlobalSection(ProjectConfigurationPlatforms) = postSolution
		{D54CDB21-6515-42C5-A2BB-1F2E9E1DFE2B}.Debug|Any CPU.ActiveCfg = Debug|Any CPU
		{D54CDB21-6515-42C5-A2BB-1F2E9E1DFE2B}.Debug|Any CPU.Build.0 = Debug|Any CPU
		{D54CDB21-6515-42C5-A2BB-1F2E9E1DFE2B}.Release|Any CPU.ActiveCfg = Release|Any CPU
		{D54CDB21-6515-42C5-A2BB-1F2E9E1DFE2B}.Release|Any CPU.Build.0 = Release|Any CPU
		{20C41987-B6A2-420F-8D54-962CCB4885C3}.Debug|Any CPU.ActiveCfg = Debug|Any CPU
		{20C41987-B6A2-420F-8D54-962CCB4885C3}.Debug|Any CPU.Build.0 = Debug|Any CPU
		{20C41987-B6A2-420F-8D54-962CCB4885C3}.Release|Any CPU.ActiveCfg = Release|Any CPU
		{20C41987-B6A2-420F-8D54-962CCB4885C3}.Release|Any CPU.Build.0 = Release|Any CPU
		{3F61F08A-1A00-406D-A511-8B0D928AB908}.Debug|Any CPU.ActiveCfg = Debug|Any CPU
		{3F61F08A-1A00-406D-A511-8B0D928AB908}.Debug|Any CPU.Build.0 = Debug|Any CPU
		{3F61F08A-1A00-406D-A511-8B0D928AB908}.Release|Any CPU.ActiveCfg = Release|Any CPU
		{3F61F08A-1A00-406D-A511-8B0D928AB908}.Release|Any CPU.Build.0 = Release|Any CPU
	EndGlobalSection
	GlobalSection(SolutionProperties) = preSolution
		HideSolutionNode = FALSE
	EndGlobalSection
EndGlobal
